
Microsoft Visual Studio Solution File, Format Version 12.00
# Visual Studio Version 17
VisualStudioVersion = 17.5.33424.131
MinimumVisualStudioVersion = 10.0.40219.1
Project("{8BC9CEB8-8B4A-11D0-8D11-00A0C91BC942}") = "ParadigmaOOP(2)", "ParadigmaOOP(2)\ParadigmaOOP(2).vcxproj", "{6B20470F-1739-40E3-BB49-8A75DDEB8DDA}"
EndProject
Project("{8BC9CEB8-8B4A-11D0-8D11-00A0C91BC942}") = "solveMultiWaris", "solveMultiWaris\solveMultiWaris.vcxproj", "{4D9F4A58-B13C-4C8A-94E3-65C223352CF5}"
EndProject
Project("{8BC9CEB8-8B4A-11D0-8D11-00A0C91BC942}") = "Polymorphism", "Polymorphism\Polymorphism.vcxproj", "{768438F4-C904-4253-AA7B-DB0460C66D18}"
EndProject
Project("{8BC9CEB8-8B4A-11D0-8D11-00A0C91BC942}") = "Program noOverriding", "Program noOverriding\Program noOverriding.vcxproj", "{DDA6C3D5-7808-4119-9A01-E133D8A6A258}"
EndProject
Project("{8BC9CEB8-8B4A-11D0-8D11-00A0C91BC942}") = "Program noPewarisan", "Program noPewarisan\Program noPewarisan.vcxproj", "{A9737342-666B-447B-BE7D-D65E72E086A9}"
EndProject
Project("{8BC9CEB8-8B4A-11D0-8D11-00A0C91BC942}") = "Program Enkapulasi", "Program Enkapulasi\Program Enkapulasi.vcxproj", "{7C632D54-97F4-4796-8F06-CD5DDEB10226}"
EndProject
Global
	GlobalSection(SolutionConfigurationPlatforms) = preSolution
		Debug|x64 = Debug|x64
		Debug|x86 = Debug|x86
		Release|x64 = Release|x64
		Release|x86 = Release|x86
	EndGlobalSection
	GlobalSection(ProjectConfigurationPlatforms) = postSolution
		{6B20470F-1739-40E3-BB49-8A75DDEB8DDA}.Debug|x64.ActiveCfg = Debug|x64
		{6B20470F-1739-40E3-BB49-8A75DDEB8DDA}.Debug|x64.Build.0 = Debug|x64
		{6B20470F-1739-40E3-BB49-8A75DDEB8DDA}.Debug|x86.ActiveCfg = Debug|Win32
		{6B20470F-1739-40E3-BB49-8A75DDEB8DDA}.Debug|x86.Build.0 = Debug|Win32
		{6B20470F-1739-40E3-BB49-8A75DDEB8DDA}.Release|x64.ActiveCfg = Release|x64
		{6B20470F-1739-40E3-BB49-8A75DDEB8DDA}.Release|x64.Build.0 = Release|x64
		{6B20470F-1739-40E3-BB49-8A75DDEB8DDA}.Release|x86.ActiveCfg = Release|Win32
		{6B20470F-1739-40E3-BB49-8A75DDEB8DDA}.Release|x86.Build.0 = Release|Win32
		{4D9F4A58-B13C-4C8A-94E3-65C223352CF5}.Debug|x64.ActiveCfg = Debug|x64
		{4D9F4A58-B13C-4C8A-94E3-65C223352CF5}.Debug|x64.Build.0 = Debug|x64
		{4D9F4A58-B13C-4C8A-94E3-65C223352CF5}.Debug|x86.ActiveCfg = Debug|Win32
		{4D9F4A58-B13C-4C8A-94E3-65C223352CF5}.Debug|x86.Build.0 = Debug|Win32
		{4D9F4A58-B13C-4C8A-94E3-65C223352CF5}.Release|x64.ActiveCfg = Release|x64
		{4D9F4A58-B13C-4C8A-94E3-65C223352CF5}.Release|x64.Build.0 = Release|x64
		{4D9F4A58-B13C-4C8A-94E3-65C223352CF5}.Release|x86.ActiveCfg = Release|Win32
		{4D9F4A58-B13C-4C8A-94E3-65C223352CF5}.Release|x86.Build.0 = Release|Win32
		{768438F4-C904-4253-AA7B-DB0460C66D18}.Debug|x64.ActiveCfg = Debug|x64
		{768438F4-C904-4253-AA7B-DB0460C66D18}.Debug|x64.Build.0 = Debug|x64
		{768438F4-C904-4253-AA7B-DB0460C66D18}.Debug|x86.ActiveCfg = Debug|Win32
		{768438F4-C904-4253-AA7B-DB0460C66D18}.Debug|x86.Build.0 = Debug|Win32
		{768438F4-C904-4253-AA7B-DB0460C66D18}.Release|x64.ActiveCfg = Release|x64
		{768438F4-C904-4253-AA7B-DB0460C66D18}.Release|x64.Build.0 = Release|x64
		{768438F4-C904-4253-AA7B-DB0460C66D18}.Release|x86.ActiveCfg = Release|Win32
		{768438F4-C904-4253-AA7B-DB0460C66D18}.Release|x86.Build.0 = Release|Win32
		{DDA6C3D5-7808-4119-9A01-E133D8A6A258}.Debug|x64.ActiveCfg = Debug|x64
		{DDA6C3D5-7808-4119-9A01-E133D8A6A258}.Debug|x64.Build.0 = Debug|x64
		{DDA6C3D5-7808-4119-9A01-E133D8A6A258}.Debug|x86.ActiveCfg = Debug|Win32
		{DDA6C3D5-7808-4119-9A01-E133D8A6A258}.Debug|x86.Build.0 = Debug|Win32
		{DDA6C3D5-7808-4119-9A01-E133D8A6A258}.Release|x64.ActiveCfg = Release|x64
		{DDA6C3D5-7808-4119-9A01-E133D8A6A258}.Release|x64.Build.0 = Release|x64
		{DDA6C3D5-7808-4119-9A01-E133D8A6A258}.Release|x86.ActiveCfg = Release|Win32
		{DDA6C3D5-7808-4119-9A01-E133D8A6A258}.Release|x86.Build.0 = Release|Win32
		{A9737342-666B-447B-BE7D-D65E72E086A9}.Debug|x64.ActiveCfg = Debug|x64
		{A9737342-666B-447B-BE7D-D65E72E086A9}.Debug|x64.Build.0 = Debug|x64
		{A9737342-666B-447B-BE7D-D65E72E086A9}.Debug|x86.ActiveCfg = Debug|Win32
		{A9737342-666B-447B-BE7D-D65E72E086A9}.Debug|x86.Build.0 = Debug|Win32
		{A9737342-666B-447B-BE7D-D65E72E086A9}.Release|x64.ActiveCfg = Release|x64
		{A9737342-666B-447B-BE7D-D65E72E086A9}.Release|x64.Build.0 = Release|x64
		{A9737342-666B-447B-BE7D-D65E72E086A9}.Release|x86.ActiveCfg = Release|Win32
		{A9737342-666B-447B-BE7D-D65E72E086A9}.Release|x86.Build.0 = Release|Win32
		{7C632D54-97F4-4796-8F06-CD5DDEB10226}.Debug|x64.ActiveCfg = Debug|x64
		{7C632D54-97F4-4796-8F06-CD5DDEB10226}.Debug|x64.Build.0 = Debug|x64
		{7C632D54-97F4-4796-8F06-CD5DDEB10226}.Debug|x86.ActiveCfg = Debug|Win32
		{7C632D54-97F4-4796-8F06-CD5DDEB10226}.Debug|x86.Build.0 = Debug|Win32
		{7C632D54-97F4-4796-8F06-CD5DDEB10226}.Release|x64.ActiveCfg = Release|x64
		{7C632D54-97F4-4796-8F06-CD5DDEB10226}.Release|x64.Build.0 = Release|x64
		{7C632D54-97F4-4796-8F06-CD5DDEB10226}.Release|x86.ActiveCfg = Release|Win32
		{7C632D54-97F4-4796-8F06-CD5DDEB10226}.Release|x86.Build.0 = Release|Win32
	EndGlobalSection
	GlobalSection(SolutionProperties) = preSolution
		HideSolutionNode = FALSE
	EndGlobalSection
	GlobalSection(ExtensibilityGlobals) = postSolution
		SolutionGuid = {AB9183DE-F4A3-4D3F-89C5-AA51671BA44E}
	EndGlobalSection
EndGlobal
